
Microsoft Visual Studio Solution File, Format Version 12.00
# Visual Studio Version 16
VisualStudioVersion = 16.0.31729.503
MinimumVisualStudioVersion = 10.0.40219.1
Project("{FAE04EC0-301F-11D3-BF4B-00C04F79EFBC}") = "ogrenci_kayit", "ogrenci_kayit\ogrenci_kayit.csproj", "{09E95F48-3042-4FE1-B6B9-5702885BCD2C}"
EndProject
Global
	GlobalSection(SolutionConfigurationPlatforms) = preSolution
		Debug|Any CPU = Debug|Any CPU
		Release|Any CPU = Release|Any CPU
	EndGlobalSection
	GlobalSection(ProjectConfigurationPlatforms) = postSolution
		{09E95F48-3042-4FE1-B6B9-5702885BCD2C}.Debug|Any CPU.ActiveCfg = Debug|Any CPU
		{09E95F48-3042-4FE1-B6B9-5702885BCD2C}.Debug|Any CPU.Build.0 = Debug|Any CPU
		{09E95F48-3042-4FE1-B6B9-5702885BCD2C}.Release|Any CPU.ActiveCfg = Release|Any CPU
		{09E95F48-3042-4FE1-B6B9-5702885BCD2C}.Release|Any CPU.Build.0 = Release|Any CPU
	EndGlobalSection
	GlobalSection(SolutionProperties) = preSolution
		HideSolutionNode = FALSE
	EndGlobalSection
	GlobalSection(ExtensibilityGlobals) = postSolution
		SolutionGuid = {950455C2-0DC0-42CA-9600-E0E4B3A0A3A0}
	EndGlobalSection
EndGlobal
